// !$*UTF8*$!
{
	archiveVersion = 1;
	classes = {
	};
	objectVersion = 46;
	objects = {

/* Begin PBXBuildFile section */
		2071291B1B3F10260013E008 /* AppDelegate.swift in Sources */ = {isa = PBXBuildFile; fileRef = 2071291A1B3F10260013E008 /* AppDelegate.swift */; };
		2071291D1B3F10260013E008 /* ViewController.swift in Sources */ = {isa = PBXBuildFile; fileRef = 2071291C1B3F10260013E008 /* ViewController.swift */; };
		207129201B3F10260013E008 /* Main.storyboard in Resources */ = {isa = PBXBuildFile; fileRef = 2071291E1B3F10260013E008 /* Main.storyboard */; };
		207129221B3F10260013E008 /* Assets.xcassets in Resources */ = {isa = PBXBuildFile; fileRef = 207129211B3F10260013E008 /* Assets.xcassets */; };
		207129251B3F10260013E008 /* LaunchScreen.storyboard in Resources */ = {isa = PBXBuildFile; fileRef = 207129231B3F10260013E008 /* LaunchScreen.storyboard */; };
		207129301B3F10260013E008 /* TheFarmerTests.swift in Sources */ = {isa = PBXBuildFile; fileRef = 2071292F1B3F10260013E008 /* TheFarmerTests.swift */; };
		208FB5801B3F73F40019BA02 /* Farmer.swift in Sources */ = {isa = PBXBuildFile; fileRef = 208FB57F1B3F73F40019BA02 /* Farmer.swift */; };
/* End PBXBuildFile section */

/* Begin PBXContainerItemProxy section */
		2071292C1B3F10260013E008 /* PBXContainerItemProxy */ = {
			isa = PBXContainerItemProxy;
			containerPortal = 2071290F1B3F10260013E008 /* Project object */;
			proxyType = 1;
			remoteGlobalIDString = 207129161B3F10260013E008;
			remoteInfo = TheFarmer;
		};
/* End PBXContainerItemProxy section */

/* Begin PBXFileReference section */
		207129171B3F10260013E008 /* TheFarmer.app */ = {isa = PBXFileReference; explicitFileType = wrapper.application; includeInIndex = 0; path = TheFarmer.app; sourceTree = BUILT_PRODUCTS_DIR; };
		2071291A1B3F10260013E008 /* AppDelegate.swift */ = {isa = PBXFileReference; lastKnownFileType = sourcecode.swift; path = AppDelegate.swift; sourceTree = "<group>"; };
		2071291C1B3F10260013E008 /* ViewController.swift */ = {isa = PBXFileReference; lastKnownFileType = sourcecode.swift; path = ViewController.swift; sourceTree = "<group>"; };
		2071291F1B3F10260013E008 /* Base */ = {isa = PBXFileReference; lastKnownFileType = file.storyboard; name = Base; path = Base.lproj/Main.storyboard; sourceTree = "<group>"; };
		207129211B3F10260013E008 /* Assets.xcassets */ = {isa = PBXFileReference; lastKnownFileType = folder.assetcatalog; path = Assets.xcassets; sourceTree = "<group>"; };
		207129241B3F10260013E008 /* Base */ = {isa = PBXFileReference; lastKnownFileType = file.storyboard; name = Base; path = Base.lproj/LaunchScreen.storyboard; sourceTree = "<group>"; };
		207129261B3F10260013E008 /* Info.plist */ = {isa = PBXFileReference; lastKnownFileType = text.plist.xml; path = Info.plist; sourceTree = "<group>"; };
		2071292B1B3F10260013E008 /* TheFarmerTests.xctest */ = {isa = PBXFileReference; explicitFileType = wrapper.cfbundle; includeInIndex = 0; path = TheFarmerTests.xctest; sourceTree = BUILT_PRODUCTS_DIR; };
		2071292F1B3F10260013E008 /* TheFarmerTests.swift */ = {isa = PBXFileReference; lastKnownFileType = sourcecode.swift; path = TheFarmerTests.swift; sourceTree = "<group>"; };
		207129311B3F10260013E008 /* Info.plist */ = {isa = PBXFileReference; lastKnownFileType = text.plist.xml; path = Info.plist; sourceTree = "<group>"; };
		208FB57F1B3F73F40019BA02 /* Farmer.swift */ = {isa = PBXFileReference; fileEncoding = 4; lastKnownFileType = sourcecode.swift; path = Farmer.swift; sourceTree = SOURCE_ROOT; };
/* End PBXFileReference section */

/* Begin PBXFrameworksBuildPhase section */
		207129141B3F10260013E008 /* Frameworks */ = {
			isa = PBXFrameworksBuildPhase;
			buildActionMask = 2147483647;
			files = (
			);
			runOnlyForDeploymentPostprocessing = 0;
		};
		207129281B3F10260013E008 /* Frameworks */ = {
			isa = PBXFrameworksBuildPhase;
			buildActionMask = 2147483647;
			files = (
			);
			runOnlyForDeploymentPostprocessing = 0;
		};
/* End PBXFrameworksBuildPhase section */

/* Begin PBXGroup section */
		2071290E1B3F10260013E008 = {
			isa = PBXGroup;
			children = (
				207129191B3F10260013E008 /* TheFarmer */,
				2071292E1B3F10260013E008 /* TheFarmerTests */,
				207129181B3F10260013E008 /* Products */,
			);
			sourceTree = "<group>";
		};
		207129181B3F10260013E008 /* Products */ = {
			isa = PBXGroup;
			children = (
				207129171B3F10260013E008 /* TheFarmer.app */,
				2071292B1B3F10260013E008 /* TheFarmerTests.xctest */,
			);
			name = Products;
			sourceTree = "<group>";
		};
		207129191B3F10260013E008 /* TheFarmer */ = {
			isa = PBXGroup;
			children = (
				208FB57F1B3F73F40019BA02 /* Farmer.swift */,
				2071291A1B3F10260013E008 /* AppDelegate.swift */,
				2071291C1B3F10260013E008 /* ViewController.swift */,
				2071291E1B3F10260013E008 /* Main.storyboard */,
				207129211B3F10260013E008 /* Assets.xcassets */,
				207129231B3F10260013E008 /* LaunchScreen.storyboard */,
				207129261B3F10260013E008 /* Info.plist */,
			);
			path = TheFarmer;
			sourceTree = "<group>";
		};
		2071292E1B3F10260013E008 /* TheFarmerTests */ = {
			isa = PBXGroup;
			children = (
				2071292F1B3F10260013E008 /* TheFarmerTests.swift */,
				207129311B3F10260013E008 /* Info.plist */,
			);
			path = TheFarmerTests;
			sourceTree = "<group>";
		};
/* End PBXGroup section */

/* Begin PBXNativeTarget section */
		207129161B3F10260013E008 /* TheFarmer */ = {
			isa = PBXNativeTarget;
			buildConfigurationList = 207129341B3F10260013E008 /* Build configuration list for PBXNativeTarget "TheFarmer" */;
			buildPhases = (
				207129131B3F10260013E008 /* Sources */,
				207129141B3F10260013E008 /* Frameworks */,
				207129151B3F10260013E008 /* Resources */,
			);
			buildRules = (
			);
			dependencies = (
			);
			name = TheFarmer;
			productName = TheFarmer;
			productReference = 207129171B3F10260013E008 /* TheFarmer.app */;
			productType = "com.apple.product-type.application";
		};
		2071292A1B3F10260013E008 /* TheFarmerTests */ = {
			isa = PBXNativeTarget;
			buildConfigurationList = 207129371B3F10260013E008 /* Build configuration list for PBXNativeTarget "TheFarmerTests" */;
			buildPhases = (
				207129271B3F10260013E008 /* Sources */,
				207129281B3F10260013E008 /* Frameworks */,
				207129291B3F10260013E008 /* Resources */,
			);
			buildRules = (
			);
			dependencies = (
				2071292D1B3F10260013E008 /* PBXTargetDependency */,
			);
			name = TheFarmerTests;
			productName = TheFarmerTests;
			productReference = 2071292B1B3F10260013E008 /* TheFarmerTests.xctest */;
			productType = "com.apple.product-type.bundle.unit-test";
		};
/* End PBXNativeTarget section */

/* Begin PBXProject section */
		2071290F1B3F10260013E008 /* Project object */ = {
			isa = PBXProject;
			attributes = {
				LastUpgradeCheck = 0700;
				ORGANIZATIONNAME = "Six Five Software, LLC";
				TargetAttributes = {
					207129161B3F10260013E008 = {
						CreatedOnToolsVersion = 7.0;
					};
					2071292A1B3F10260013E008 = {
						CreatedOnToolsVersion = 7.0;
						TestTargetID = 207129161B3F10260013E008;
					};
				};
			};
			buildConfigurationList = 207129121B3F10260013E008 /* Build configuration list for PBXProject "TheFarmer" */;
			compatibilityVersion = "Xcode 3.2";
			developmentRegion = English;
			hasScannedForEncodings = 0;
			knownRegions = (
				en,
				Base,
			);
			mainGroup = 2071290E1B3F10260013E008;
			productRefGroup = 207129181B3F10260013E008 /* Products */;
			projectDirPath = "";
			projectRoot = "";
			targets = (
				207129161B3F10260013E008 /* TheFarmer */,
				2071292A1B3F10260013E008 /* TheFarmerTests */,
			);
		};
/* End PBXProject section */

/* Begin PBXResourcesBuildPhase section */
		207129151B3F10260013E008 /* Resources */ = {
			isa = PBXResourcesBuildPhase;
			buildActionMask = 2147483647;
			files = (
				207129251B3F10260013E008 /* LaunchScreen.storyboard in Resources */,
				207129221B3F10260013E008 /* Assets.xcassets in Resources */,
				207129201B3F10260013E008 /* Main.storyboard in Resources */,
			);
			runOnlyForDeploymentPostprocessing = 0;
		};
		207129291B3F10260013E008 /* Resources */ = {
			isa = PBXResourcesBuildPhase;
			buildActionMask = 2147483647;
			files = (
			);
			runOnlyForDeploymentPostprocessing = 0;
		};
/* End PBXResourcesBuildPhase section */

/* Begin PBXSourcesBuildPhase section */
		207129131B3F10260013E008 /* Sources */ = {
			isa = PBXSourcesBuildPhase;
			buildActionMask = 2147483647;
			files = (
				2071291D1B3F10260013E008 /* ViewController.swift in Sources */,
				208FB5801B3F73F40019BA02 /* Farmer.swift in Sources */,
				2071291B1B3F10260013E008 /* AppDelegate.swift in Sources */,
			);
			runOnlyForDeploymentPostprocessing = 0;
		};
		207129271B3F10260013E008 /* Sources */ = {
			isa = PBXSourcesBuildPhase;
			buildActionMask = 2147483647;
			files = (
				207129301B3F10260013E008 /* TheFarmerTests.swift in Sources */,
			);
			runOnlyForDeploymentPostprocessing = 0;
		};
/* End PBXSourcesBuildPhase section */

/* Begin PBXTargetDependency section */
		2071292D1B3F10260013E008 /* PBXTargetDependency */ = {
			isa = PBXTargetDependency;
			target = 207129161B3F10260013E008 /* TheFarmer */;
			targetProxy = 2071292C1B3F10260013E008 /* PBXContainerItemProxy */;
		};
/* End PBXTargetDependency section */

/* Begin PBXVariantGroup section */
		2071291E1B3F10260013E008 /* Main.storyboard */ = {
			isa = PBXVariantGroup;
			children = (
				2071291F1B3F10260013E008 /* Base */,
			);
			name = Main.storyboard;
			sourceTree = "<group>";
		};
		207129231B3F10260013E008 /* LaunchScreen.storyboard */ = {
			isa = PBXVariantGroup;
			children = (
				207129241B3F10260013E008 /* Base */,
			);
			name = LaunchScreen.storyboard;
			sourceTree = "<group>";
		};
/* End PBXVariantGroup section */

/* Begin XCBuildConfiguration section */
		207129321B3F10260013E008 /* Debug */ = {
			isa = XCBuildConfiguration;
			buildSettings = {
				ALWAYS_SEARCH_USER_PATHS = NO;
				CLANG_CXX_LANGUAGE_STANDARD = "gnu++0x";
				CLANG_CXX_LIBRARY = "libc++";
				CLANG_ENABLE_MODULES = YES;
				CLANG_ENABLE_OBJC_ARC = YES;
				CLANG_WARN_BOOL_CONVERSION = YES;
				CLANG_WARN_CONSTANT_CONVERSION = YES;
				CLANG_WARN_DIRECT_OBJC_ISA_USAGE = YES_ERROR;
				CLANG_WARN_EMPTY_BODY = YES;
				CLANG_WARN_ENUM_CONVERSION = YES;
				CLANG_WARN_INT_CONVERSION = YES;
				CLANG_WARN_OBJC_ROOT_CLASS = YES_ERROR;
				CLANG_WARN_UNREACHABLE_CODE = YES;
				CLANG_WARN__DUPLICATE_METHOD_MATCH = YES;
				"CODE_SIGN_IDENTITY[sdk=iphoneos*]" = "iPhone Developer";
				COPY_PHASE_STRIP = NO;
				DEBUG_INFORMATION_FORMAT = dwarf;
				ENABLE_STRICT_OBJC_MSGSEND = YES;
				ENABLE_TESTABILITY = YES;
				GCC_C_LANGUAGE_STANDARD = gnu99;
				GCC_DYNAMIC_NO_PIC = NO;
				GCC_NO_COMMON_BLOCKS = YES;
				GCC_OPTIMIZATION_LEVEL = 0;
				GCC_PREPROCESSOR_DEFINITIONS = (
					"DEBUG=1",
					"$(inherited)",
				);
				GCC_WARN_64_TO_32_BIT_CONVERSION = YES;
				GCC_WARN_ABOUT_RETURN_TYPE = YES_ERROR;
				GCC_WARN_UNDECLARED_SELECTOR = YES;
				GCC_WARN_UNINITIALIZED_AUTOS = YES_AGGRESSIVE;
				GCC_WARN_UNUSED_FUNCTION = YES;
				GCC_WARN_UNUSED_VARIABLE = YES;
				IPHONEOS_DEPLOYMENT_TARGET = 9.0;
				MTL_ENABLE_DEBUG_INFO = YES;
				ONLY_ACTIVE_ARCH = YES;
				SDKROOT = iphoneos;
				SWIFT_OPTIMIZATION_LEVEL = "-Onone";
			};
			name = Debug;
		};
		207129331B3F10260013E008 /* Release */ = {
			isa = XCBuildConfiguration;
			buildSettings = {
				ALWAYS_SEARCH_USER_PATHS = NO;
				CLANG_CXX_LANGUAGE_STANDARD = "gnu++0x";
				CLANG_CXX_LIBRARY = "libc++";
				CLANG_ENABLE_MODULES = YES;
				CLANG_ENABLE_OBJC_ARC = YES;
				CLANG_WARN_BOOL_CONVERSION = YES;
				CLANG_WARN_CONSTANT_CONVERSION = YES;
				CLANG_WARN_DIRECT_OBJC_ISA_USAGE = YES_ERROR;
				CLANG_WARN_EMPTY_BODY = YES;
				CLANG_WARN_ENUM_CONVERSION = YES;
				CLANG_WARN_INT_CONVERSION = YES;
				CLANG_WARN_OBJC_ROOT_CLASS = YES_ERROR;
				CLANG_WARN_UNREACHABLE_CODE = YES;
				CLANG_WARN__DUPLICATE_METHOD_MATCH = YES;
				"CODE_SIGN_IDENTITY[sdk=iphoneos*]" = "iPhone Developer";
				COPY_PHASE_STRIP = NO;
				DEBUG_INFORMATION_FORMAT = "dwarf-with-dsym";
				ENABLE_NS_ASSERTIONS = NO;
				ENABLE_STRICT_OBJC_MSGSEND = YES;
				GCC_C_LANGUAGE_STANDARD = gnu99;
				GCC_NO_COMMON_BLOCKS = YES;
				GCC_WARN_64_TO_32_BIT_CONVERSION = YES;
				GCC_WARN_ABOUT_RETURN_TYPE = YES_ERROR;
				GCC_WARN_UNDECLARED_SELECTOR = YES;
				GCC_WARN_UNINITIALIZED_AUTOS = YES_AGGRESSIVE;
				GCC_WARN_UNUSED_FUNCTION = YES;
				GCC_WARN_UNUSED_VARIABLE = YES;
				IPHONEOS_DEPLOYMENT_TARGET = 9.0;
				MTL_ENABLE_DEBUG_INFO = NO;
				SDKROOT = iphoneos;
				VALIDATE_PRODUCT = YES;
			};
			name = Release;
		};
		207129351B3F10260013E008 /* Debug */ = {
			isa = XCBuildConfiguration;
			buildSettings = {
				ASSETCATALOG_COMPILER_APPICON_NAME = AppIcon;
				INFOPLIST_FILE = TheFarmer/Info.plist;
				LD_RUNPATH_SEARCH_PATHS = "$(inherited) @executable_path/Frameworks";
				PRODUCT_BUNDLE_IDENTIFIER = com.sixfivesoftware.TheFarmer;
				PRODUCT_NAME = "$(TARGET_NAME)";
			};
			name = Debug;
		};
		207129361B3F10260013E008 /* Release */ = {
			isa = XCBuildConfiguration;
			buildSettings = {
				ASSETCATALOG_COMPILER_APPICON_NAME = AppIcon;
				INFOPLIST_FILE = TheFarmer/Info.plist;
				LD_RUNPATH_SEARCH_PATHS = "$(inherited) @executable_path/Frameworks";
				PRODUCT_BUNDLE_IDENTIFIER = com.sixfivesoftware.TheFarmer;
				PRODUCT_NAME = "$(TARGET_NAME)";
			};
			name = Release;
		};
		207129381B3F10260013E008 /* Debug */ = {
			isa = XCBuildConfiguration;
			buildSettings = {
				BUNDLE_LOADER = "$(TEST_HOST)";
				INFOPLIST_FILE = TheFarmerTests/Info.plist;
				LD_RUNPATH_SEARCH_PATHS = "$(inherited) @executable_path/Frameworks @loader_path/Frameworks";
				PRODUCT_BUNDLE_IDENTIFIER = com.sixfivesoftware.TheFarmerTests;
				PRODUCT_NAME = "$(TARGET_NAME)";
				TEST_HOST = "$(BUILT_PRODUCTS_DIR)/TheFarmer.app/TheFarmer";
			};
			name = Debug;
		};
		207129391B3F10260013E008 /* Release */ = {
			isa = XCBuildConfiguration;
			buildSettings = {
				BUNDLE_LOADER = "$(TEST_HOST)";
				INFOPLIST_FILE = TheFarmerTests/Info.plist;
				LD_RUNPATH_SEARCH_PATHS = "$(inherited) @executable_path/Frameworks @loader_path/Frameworks";
				PRODUCT_BUNDLE_IDENTIFIER = com.sixfivesoftware.TheFarmerTests;
				PRODUCT_NAME = "$(TARGET_NAME)";
				TEST_HOST = "$(BUILT_PRODUCTS_DIR)/TheFarmer.app/TheFarmer";
			};
			name = Release;
		};
/* End XCBuildConfiguration section */

/* Begin XCConfigurationList section */
		207129121B3F10260013E008 /* Build configuration list for PBXProject "TheFarmer" */ = {
			isa = XCConfigurationList;
			buildConfigurations = (
				207129321B3F10260013E008 /* Debug */,
				207129331B3F10260013E008 /* Release */,
			);
			defaultConfigurationIsVisible = 0;
			defaultConfigurationName = Release;
		};
		207129341B3F10260013E008 /* Build configuration list for PBXNativeTarget "TheFarmer" */ = {
			isa = XCConfigurationList;
			buildConfigurations = (
				207129351B3F10260013E008 /* Debug */,
				207129361B3F10260013E008 /* Release */,
			);
			defaultConfigurationIsVisible = 0;
			defaultConfigurationName = Release;
		};
		207129371B3F10260013E008 /* Build configuration list for PBXNativeTarget "TheFarmerTests" */ = {
			isa = XCConfigurationList;
			buildConfigurations = (
				207129381B3F10260013E008 /* Debug */,
				207129391B3F10260013E008 /* Release */,
			);
			defaultConfigurationIsVisible = 0;
			defaultConfigurationName = Release;
		};
/* End XCConfigurationList section */
	};
	rootObject = 2071290F1B3F10260013E008 /* Project object */;
}
